# This file is automatically @generated by Cargo.
# It is not intended for manual editing.
version = 4

[[package]]
name = "ccsds"
version = "0.1.0"

[[package]]
name = "cfs-link"
version = "0.1.0"
dependencies = [
 "ccsds",
 "cfs-msg",
]

[[package]]
name = "cfs-msg"
version = "0.1.0"
dependencies = [
 "ccsds",
]

[[package]]
name = "fake-cfs"
version = "0.1.0"
dependencies = [
 "ccsds",
 "cfs-msg",
 "telemetry-model",
]

[[package]]
name = "telemetry-model"
version = "0.1.0"
dependencies = [
 "ccsds",
 "cfs-msg",
]

[[package]]
name = "tlm-capture"
version = "0.1.0"
dependencies = [
 "ccsds",
 "cfs-link",
 "cfs-msg",
]
